
Microsoft Visual Studio Solution File, Format Version 12.00
# Visual Studio Version 16
VisualStudioVersion = 16.0.30804.86
MinimumVisualStudioVersion = 10.0.40219.1
Project("{FAE04EC0-301F-11D3-BF4B-00C04F79EFBC}") = "CarBidMVC", "CarBidMVC.csproj", "{87739E13-3597-4926-9FE1-BE68400C6A57}"
EndProject
Global
	GlobalSection(SolutionConfigurationPlatforms) = preSolution
		Debug|Any CPU = Debug|Any CPU
		Release|Any CPU = Release|Any CPU
	EndGlobalSection
	GlobalSection(ProjectConfigurationPlatforms) = postSolution
		{87739E13-3597-4926-9FE1-BE68400C6A57}.Debug|Any CPU.ActiveCfg = Debug|Any CPU
		{87739E13-3597-4926-9FE1-BE68400C6A57}.Debug|Any CPU.Build.0 = Debug|Any CPU
		{87739E13-3597-4926-9FE1-BE68400C6A57}.Release|Any CPU.ActiveCfg = Release|Any CPU
		{87739E13-3597-4926-9FE1-BE68400C6A57}.Release|Any CPU.Build.0 = Release|Any CPU
	EndGlobalSection
	GlobalSection(SolutionProperties) = preSolution
		HideSolutionNode = FALSE
	EndGlobalSection
	GlobalSection(ExtensibilityGlobals) = postSolution
		SolutionGuid = {640AD1D2-B428-43D8-8BA5-83A5431376D4}
	EndGlobalSection
EndGlobal
